{
	"name": "rfy-strategy-vault",
	"lockfileVersion": 2,
	"requires": true,
	"packages": {
		"": {
			"dependencies": {
				"prettier-plugin-solidity": "^1.4.2"
			}
		},
		"node_modules/@solidity-parser/parser": {
			"version": "0.19.0",
			"resolved": "https://registry.npmjs.org/@solidity-parser/parser/-/parser-0.19.0.tgz",
			"integrity": "sha512-RV16k/qIxW/wWc+mLzV3ARyKUaMUTBy9tOLMzFhtNSKYeTAanQ3a5MudJKf/8arIFnA2L27SNjarQKmFg0w/jA=="
		},
		"node_modules/prettier": {
			"version": "3.5.1",
			"resolved": "https://registry.npmjs.org/prettier/-/prettier-3.5.1.tgz",
			"integrity": "sha512-hPpFQvHwL3Qv5AdRvBFMhnKo4tYxp0ReXiPn2bxkiohEX6mBeBwEpBSQTkD458RaaDKQMYSp4hX4UtfUTA5wDw==",
			"peer": true,
			"bin": {
				"prettier": "bin/prettier.cjs"
			},
			"engines": {
				"node": ">=14"
			},
			"funding": {
				"url": "https://github.com/prettier/prettier?sponsor=1"
			}
		},
		"node_modules/prettier-plugin-solidity": {
			"version": "1.4.2",
			"resolved": "https://registry.npmjs.org/prettier-plugin-solidity/-/prettier-plugin-solidity-1.4.2.tgz",
			"integrity": "sha512-VVD/4XlDjSzyPWWCPW8JEleFa8JNKFYac5kNlMjVXemQyQZKfpekPMhFZSePuXB6L+RixlFvWe20iacGjFYrLw==",
			"dependencies": {
				"@solidity-parser/parser": "^0.19.0",
				"semver": "^7.6.3"
			},
			"engines": {
				"node": ">=18"
			},
			"peerDependencies": {
				"prettier": ">=2.3.0"
			}
		},
		"node_modules/semver": {
			"version": "7.7.1",
			"resolved": "https://registry.npmjs.org/semver/-/semver-7.7.1.tgz",
			"integrity": "sha512-hlq8tAfn0m/61p4BVRcPzIGr6LKiMwo4VM6dGi6pt4qcRkmNzTcWq6eCEjEh+qXjkMDvPlOFFSGwQjoEa6gyMA==",
			"bin": {
				"semver": "bin/semver.js"
			},
			"engines": {
				"node": ">=10"
			}
		}
	},
	"dependencies": {
		"@solidity-parser/parser": {
			"version": "0.19.0",
			"resolved": "https://registry.npmjs.org/@solidity-parser/parser/-/parser-0.19.0.tgz",
			"integrity": "sha512-RV16k/qIxW/wWc+mLzV3ARyKUaMUTBy9tOLMzFhtNSKYeTAanQ3a5MudJKf/8arIFnA2L27SNjarQKmFg0w/jA=="
		},
		"prettier": {
			"version": "3.5.1",
			"resolved": "https://registry.npmjs.org/prettier/-/prettier-3.5.1.tgz",
			"integrity": "sha512-hPpFQvHwL3Qv5AdRvBFMhnKo4tYxp0ReXiPn2bxkiohEX6mBeBwEpBSQTkD458RaaDKQMYSp4hX4UtfUTA5wDw==",
			"peer": true
		},
		"prettier-plugin-solidity": {
			"version": "1.4.2",
			"resolved": "https://registry.npmjs.org/prettier-plugin-solidity/-/prettier-plugin-solidity-1.4.2.tgz",
			"integrity": "sha512-VVD/4XlDjSzyPWWCPW8JEleFa8JNKFYac5kNlMjVXemQyQZKfpekPMhFZSePuXB6L+RixlFvWe20iacGjFYrLw==",
			"requires": {
				"@solidity-parser/parser": "^0.19.0",
				"semver": "^7.6.3"
			}
		},
		"semver": {
			"version": "7.7.1",
			"resolved": "https://registry.npmjs.org/semver/-/semver-7.7.1.tgz",
			"integrity": "sha512-hlq8tAfn0m/61p4BVRcPzIGr6LKiMwo4VM6dGi6pt4qcRkmNzTcWq6eCEjEh+qXjkMDvPlOFFSGwQjoEa6gyMA=="
		}
	}
}
